// !$*UTF8*$!
{
	archiveVersion = 1;
	classes = {
	};
	objectVersion = 77;
	objects = {

/* Begin PBXContainerItemProxy section */
		3F4469F42DDE2D7800D300C7 /* PBXContainerItemProxy */ = {
			isa = PBXContainerItemProxy;
			containerPortal = 3F4469DE2DDE2D7600D300C7 /* Project object */;
			proxyType = 1;
			remoteGlobalIDString = 3F4469E52DDE2D7600D300C7;
			remoteInfo = Endeavor;
		};
		3F4469FE2DDE2D7800D300C7 /* PBXContainerItemProxy */ = {
			isa = PBXContainerItemProxy;
			containerPortal = 3F4469DE2DDE2D7600D300C7 /* Project object */;
			proxyType = 1;
			remoteGlobalIDString = 3F4469E52DDE2D7600D300C7;
			remoteInfo = Endeavor;
		};
/* End PBXContainerItemProxy section */

/* Begin PBXFileReference section */
		3F4469E62DDE2D7600D300C7 /* Endeavor.app */ = {isa = PBXFileReference; explicitFileType = wrapper.application; includeInIndex = 0; path = Endeavor.app; sourceTree = BUILT_PRODUCTS_DIR; };
		3F4469F32DDE2D7800D300C7 /* EndeavorTests.xctest */ = {isa = PBXFileReference; explicitFileType = wrapper.cfbundle; includeInIndex = 0; path = EndeavorTests.xctest; sourceTree = BUILT_PRODUCTS_DIR; };
		3F4469FD2DDE2D7800D300C7 /* EndeavorUITests.xctest */ = {isa = PBXFileReference; explicitFileType = wrapper.cfbundle; includeInIndex = 0; path = EndeavorUITests.xctest; sourceTree = BUILT_PRODUCTS_DIR; };
/* End PBXFileReference section */

/* Begin PBXFileSystemSynchronizedRootGroup section */
		3F4469E82DDE2D7600D300C7 /* Endeavor */ = {
			isa = PBXFileSystemSynchronizedRootGroup;
			path = Endeavor;
			sourceTree = "<group>";
		};
		3F4469F62DDE2D7800D300C7 /* EndeavorTests */ = {
			isa = PBXFileSystemSynchronizedRootGroup;
			path = EndeavorTests;
			sourceTree = "<group>";
		};
		3F446A002DDE2D7800D300C7 /* EndeavorUITests */ = {
			isa = PBXFileSystemSynchronizedRootGroup;
			path = EndeavorUITests;
			sourceTree = "<group>";
		};
/* End PBXFileSystemSynchronizedRootGroup section */

/* Begin PBXFrameworksBuildPhase section */
		3F4469E32DDE2D7600D300C7 /* Frameworks */ = {
			isa = PBXFrameworksBuildPhase;
			buildActionMask = 2147483647;
			files = (
			);
			runOnlyForDeploymentPostprocessing = 0;
		};
		3F4469F02DDE2D7800D300C7 /* Frameworks */ = {
			isa = PBXFrameworksBuildPhase;
			buildActionMask = 2147483647;
			files = (
			);
			runOnlyForDeploymentPostprocessing = 0;
		};
		3F4469FA2DDE2D7800D300C7 /* Frameworks */ = {
			isa = PBXFrameworksBuildPhase;
			buildActionMask = 2147483647;
			files = (
			);
			runOnlyForDeploymentPostprocessing = 0;
		};
/* End PBXFrameworksBuildPhase section */

/* Begin PBXGroup section */
		3F4469DD2DDE2D7600D300C7 = {
			isa = PBXGroup;
			children = (
				3F4469E82DDE2D7600D300C7 /* Endeavor */,
				3F4469F62DDE2D7800D300C7 /* EndeavorTests */,
				3F446A002DDE2D7800D300C7 /* EndeavorUITests */,
				3F4469E72DDE2D7600D300C7 /* Products */,
			);
			sourceTree = "<group>";
		};
		3F4469E72DDE2D7600D300C7 /* Products */ = {
			isa = PBXGroup;
			children = (
				3F4469E62DDE2D7600D300C7 /* Endeavor.app */,
				3F4469F32DDE2D7800D300C7 /* EndeavorTests.xctest */,
				3F4469FD2DDE2D7800D300C7 /* EndeavorUITests.xctest */,
			);
			name = Products;
			sourceTree = "<group>";
		};
/* End PBXGroup section */

/* Begin PBXNativeTarget section */
		3F4469E52DDE2D7600D300C7 /* Endeavor */ = {
			isa = PBXNativeTarget;
			buildConfigurationList = 3F446A072DDE2D7800D300C7 /* Build configuration list for PBXNativeTarget "Endeavor" */;
			buildPhases = (
				3F4469E22DDE2D7600D300C7 /* Sources */,
				3F4469E32DDE2D7600D300C7 /* Frameworks */,
				3F4469E42DDE2D7600D300C7 /* Resources */,
			);
			buildRules = (
			);
			dependencies = (
			);
			fileSystemSynchronizedGroups = (
				3F4469E82DDE2D7600D300C7 /* Endeavor */,
			);
			name = Endeavor;
			packageProductDependencies = (
			);
			productName = Endeavor;
			productReference = 3F4469E62DDE2D7600D300C7 /* Endeavor.app */;
			productType = "com.apple.product-type.application";
		};
		3F4469F22DDE2D7800D300C7 /* EndeavorTests */ = {
			isa = PBXNativeTarget;
			buildConfigurationList = 3F446A0A2DDE2D7800D300C7 /* Build configuration list for PBXNativeTarget "EndeavorTests" */;
			buildPhases = (
				3F4469EF2DDE2D7800D300C7 /* Sources */,
				3F4469F02DDE2D7800D300C7 /* Frameworks */,
				3F4469F12DDE2D7800D300C7 /* Resources */,
			);
			buildRules = (
			);
			dependencies = (
				3F4469F52DDE2D7800D300C7 /* PBXTargetDependency */,
			);
			fileSystemSynchronizedGroups = (
				3F4469F62DDE2D7800D300C7 /* EndeavorTests */,
			);
			name = EndeavorTests;
			packageProductDependencies = (
			);
			productName = EndeavorTests;
			productReference = 3F4469F32DDE2D7800D300C7 /* EndeavorTests.xctest */;
			productType = "com.apple.product-type.bundle.unit-test";
		};
		3F4469FC2DDE2D7800D300C7 /* EndeavorUITests */ = {
			isa = PBXNativeTarget;
			buildConfigurationList = 3F446A0D2DDE2D7800D300C7 /* Build configuration list for PBXNativeTarget "EndeavorUITests" */;
			buildPhases = (
				3F4469F92DDE2D7800D300C7 /* Sources */,
				3F4469FA2DDE2D7800D300C7 /* Frameworks */,
				3F4469FB2DDE2D7800D300C7 /* Resources */,
			);
			buildRules = (
			);
			dependencies = (
				3F4469FF2DDE2D7800D300C7 /* PBXTargetDependency */,
			);
			fileSystemSynchronizedGroups = (
				3F446A002DDE2D7800D300C7 /* EndeavorUITests */,
			);
			name = EndeavorUITests;
			packageProductDependencies = (
			);
			productName = EndeavorUITests;
			productReference = 3F4469FD2DDE2D7800D300C7 /* EndeavorUITests.xctest */;
			productType = "com.apple.product-type.bundle.ui-testing";
		};
/* End PBXNativeTarget section */

/* Begin PBXProject section */
		3F4469DE2DDE2D7600D300C7 /* Project object */ = {
			isa = PBXProject;
			attributes = {
				BuildIndependentTargetsInParallel = 1;
				LastSwiftUpdateCheck = 1630;
				LastUpgradeCheck = 1630;
				TargetAttributes = {
					3F4469E52DDE2D7600D300C7 = {
						CreatedOnToolsVersion = 16.3;
					};
					3F4469F22DDE2D7800D300C7 = {
						CreatedOnToolsVersion = 16.3;
						TestTargetID = 3F4469E52DDE2D7600D300C7;
					};
					3F4469FC2DDE2D7800D300C7 = {
						CreatedOnToolsVersion = 16.3;
						TestTargetID = 3F4469E52DDE2D7600D300C7;
					};
				};
			};
			buildConfigurationList = 3F4469E12DDE2D7600D300C7 /* Build configuration list for PBXProject "Endeavor" */;
			developmentRegion = en;
			hasScannedForEncodings = 0;
			knownRegions = (
				en,
				Base,
			);
			mainGroup = 3F4469DD2DDE2D7600D300C7;
			minimizedProjectReferenceProxies = 1;
			preferredProjectObjectVersion = 77;
			productRefGroup = 3F4469E72DDE2D7600D300C7 /* Products */;
			projectDirPath = "";
			projectRoot = "";
			targets = (
				3F4469E52DDE2D7600D300C7 /* Endeavor */,
				3F4469F22DDE2D7800D300C7 /* EndeavorTests */,
				3F4469FC2DDE2D7800D300C7 /* EndeavorUITests */,
			);
		};
/* End PBXProject section */

/* Begin PBXResourcesBuildPhase section */
		3F4469E42DDE2D7600D300C7 /* Resources */ = {
			isa = PBXResourcesBuildPhase;
			buildActionMask = 2147483647;
			files = (
			);
			runOnlyForDeploymentPostprocessing = 0;
		};
		3F4469F12DDE2D7800D300C7 /* Resources */ = {
			isa = PBXResourcesBuildPhase;
			buildActionMask = 2147483647;
			files = (
			);
			runOnlyForDeploymentPostprocessing = 0;
		};
		3F4469FB2DDE2D7800D300C7 /* Resources */ = {
			isa = PBXResourcesBuildPhase;
			buildActionMask = 2147483647;
			files = (
			);
			runOnlyForDeploymentPostprocessing = 0;
		};
/* End PBXResourcesBuildPhase section */

/* Begin PBXSourcesBuildPhase section */
		3F4469E22DDE2D7600D300C7 /* Sources */ = {
			isa = PBXSourcesBuildPhase;
			buildActionMask = 2147483647;
			files = (
			);
			runOnlyForDeploymentPostprocessing = 0;
		};
		3F4469EF2DDE2D7800D300C7 /* Sources */ = {
			isa = PBXSourcesBuildPhase;
			buildActionMask = 2147483647;
			files = (
			);
			runOnlyForDeploymentPostprocessing = 0;
		};
		3F4469F92DDE2D7800D300C7 /* Sources */ = {
			isa = PBXSourcesBuildPhase;
			buildActionMask = 2147483647;
			files = (
			);
			runOnlyForDeploymentPostprocessing = 0;
		};
/* End PBXSourcesBuildPhase section */

/* Begin PBXTargetDependency section */
		3F4469F52DDE2D7800D300C7 /* PBXTargetDependency */ = {
			isa = PBXTargetDependency;
			target = 3F4469E52DDE2D7600D300C7 /* Endeavor */;
			targetProxy = 3F4469F42DDE2D7800D300C7 /* PBXContainerItemProxy */;
		};
		3F4469FF2DDE2D7800D300C7 /* PBXTargetDependency */ = {
			isa = PBXTargetDependency;
			target = 3F4469E52DDE2D7600D300C7 /* Endeavor */;
			targetProxy = 3F4469FE2DDE2D7800D300C7 /* PBXContainerItemProxy */;
		};
/* End PBXTargetDependency section */

/* Begin XCBuildConfiguration section */
		3F446A052DDE2D7800D300C7 /* Debug */ = {
			isa = XCBuildConfiguration;
			buildSettings = {
				ALWAYS_SEARCH_USER_PATHS = NO;
				ASSETCATALOG_COMPILER_GENERATE_SWIFT_ASSET_SYMBOL_EXTENSIONS = YES;
				CLANG_ANALYZER_NONNULL = YES;
				CLANG_ANALYZER_NUMBER_OBJECT_CONVERSION = YES_AGGRESSIVE;
				CLANG_CXX_LANGUAGE_STANDARD = "gnu++20";
				CLANG_ENABLE_MODULES = YES;
				CLANG_ENABLE_OBJC_ARC = YES;
				CLANG_ENABLE_OBJC_WEAK = YES;
				CLANG_WARN_BLOCK_CAPTURE_AUTORELEASING = YES;
				CLANG_WARN_BOOL_CONVERSION = YES;
				CLANG_WARN_COMMA = YES;
				CLANG_WARN_CONSTANT_CONVERSION = YES;
				CLANG_WARN_DEPRECATED_OBJC_IMPLEMENTATIONS = YES;
				CLANG_WARN_DIRECT_OBJC_ISA_USAGE = YES_ERROR;
				CLANG_WARN_DOCUMENTATION_COMMENTS = YES;
				CLANG_WARN_EMPTY_BODY = YES;
				CLANG_WARN_ENUM_CONVERSION = YES;
				CLANG_WARN_INFINITE_RECURSION = YES;
				CLANG_WARN_INT_CONVERSION = YES;
				CLANG_WARN_NON_LITERAL_NULL_CONVERSION = YES;
				CLANG_WARN_OBJC_IMPLICIT_RETAIN_SELF = YES;
				CLANG_WARN_OBJC_LITERAL_CONVERSION = YES;
				CLANG_WARN_OBJC_ROOT_CLASS = YES_ERROR;
				CLANG_WARN_QUOTED_INCLUDE_IN_FRAMEWORK_HEADER = YES;
				CLANG_WARN_RANGE_LOOP_ANALYSIS = YES;
				CLANG_WARN_STRICT_PROTOTYPES = YES;
				CLANG_WARN_SUSPICIOUS_MOVE = YES;
				CLANG_WARN_UNGUARDED_AVAILABILITY = YES_AGGRESSIVE;
				CLANG_WARN_UNREACHABLE_CODE = YES;
				CLANG_WARN__DUPLICATE_METHOD_MATCH = YES;
				COPY_PHASE_STRIP = NO;
				DEBUG_INFORMATION_FORMAT = dwarf;
				ENABLE_STRICT_OBJC_MSGSEND = YES;
				ENABLE_TESTABILITY = YES;
				ENABLE_USER_SCRIPT_SANDBOXING = YES;
				GCC_C_LANGUAGE_STANDARD = gnu17;
				GCC_DYNAMIC_NO_PIC = NO;
				GCC_NO_COMMON_BLOCKS = YES;
				GCC_OPTIMIZATION_LEVEL = 0;
				GCC_PREPROCESSOR_DEFINITIONS = (
					"DEBUG=1",
					"$(inherited)",
				);
				GCC_WARN_64_TO_32_BIT_CONVERSION = YES;
				GCC_WARN_ABOUT_RETURN_TYPE = YES_ERROR;
				GCC_WARN_UNDECLARED_SELECTOR = YES;
				GCC_WARN_UNINITIALIZED_AUTOS = YES_AGGRESSIVE;
				GCC_WARN_UNUSED_FUNCTION = YES;
				GCC_WARN_UNUSED_VARIABLE = YES;
				IPHONEOS_DEPLOYMENT_TARGET = 18.4;
				LOCALIZATION_PREFERS_STRING_CATALOGS = YES;
				MTL_ENABLE_DEBUG_INFO = INCLUDE_SOURCE;
				MTL_FAST_MATH = YES;
				ONLY_ACTIVE_ARCH = YES;
				SDKROOT = iphoneos;
				SWIFT_ACTIVE_COMPILATION_CONDITIONS = "DEBUG $(inherited)";
				SWIFT_OPTIMIZATION_LEVEL = "-Onone";
			};
			name = Debug;
		};
		3F446A062DDE2D7800D300C7 /* Release */ = {
			isa = XCBuildConfiguration;
			buildSettings = {
				ALWAYS_SEARCH_USER_PATHS = NO;
				ASSETCATALOG_COMPILER_GENERATE_SWIFT_ASSET_SYMBOL_EXTENSIONS = YES;
				CLANG_ANALYZER_NONNULL = YES;
				CLANG_ANALYZER_NUMBER_OBJECT_CONVERSION = YES_AGGRESSIVE;
				CLANG_CXX_LANGUAGE_STANDARD = "gnu++20";
				CLANG_ENABLE_MODULES = YES;
				CLANG_ENABLE_OBJC_ARC = YES;
				CLANG_ENABLE_OBJC_WEAK = YES;
				CLANG_WARN_BLOCK_CAPTURE_AUTORELEASING = YES;
				CLANG_WARN_BOOL_CONVERSION = YES;
				CLANG_WARN_COMMA = YES;
				CLANG_WARN_CONSTANT_CONVERSION = YES;
				CLANG_WARN_DEPRECATED_OBJC_IMPLEMENTATIONS = YES;
				CLANG_WARN_DIRECT_OBJC_ISA_USAGE = YES_ERROR;
				CLANG_WARN_DOCUMENTATION_COMMENTS = YES;
				CLANG_WARN_EMPTY_BODY = YES;
				CLANG_WARN_ENUM_CONVERSION = YES;
				CLANG_WARN_INFINITE_RECURSION = YES;
				CLANG_WARN_INT_CONVERSION = YES;
				CLANG_WARN_NON_LITERAL_NULL_CONVERSION = YES;
				CLANG_WARN_OBJC_IMPLICIT_RETAIN_SELF = YES;
				CLANG_WARN_OBJC_LITERAL_CONVERSION = YES;
				CLANG_WARN_OBJC_ROOT_CLASS = YES_ERROR;
				CLANG_WARN_QUOTED_INCLUDE_IN_FRAMEWORK_HEADER = YES;
				CLANG_WARN_RANGE_LOOP_ANALYSIS = YES;
				CLANG_WARN_STRICT_PROTOTYPES = YES;
				CLANG_WARN_SUSPICIOUS_MOVE = YES;
				CLANG_WARN_UNGUARDED_AVAILABILITY = YES_AGGRESSIVE;
				CLANG_WARN_UNREACHABLE_CODE = YES;
				CLANG_WARN__DUPLICATE_METHOD_MATCH = YES;
				COPY_PHASE_STRIP = NO;
				DEBUG_INFORMATION_FORMAT = "dwarf-with-dsym";
				ENABLE_NS_ASSERTIONS = NO;
				ENABLE_STRICT_OBJC_MSGSEND = YES;
				ENABLE_USER_SCRIPT_SANDBOXING = YES;
				GCC_C_LANGUAGE_STANDARD = gnu17;
				GCC_NO_COMMON_BLOCKS = YES;
				GCC_WARN_64_TO_32_BIT_CONVERSION = YES;
				GCC_WARN_ABOUT_RETURN_TYPE = YES_ERROR;
				GCC_WARN_UNDECLARED_SELECTOR = YES;
				GCC_WARN_UNINITIALIZED_AUTOS = YES_AGGRESSIVE;
				GCC_WARN_UNUSED_FUNCTION = YES;
				GCC_WARN_UNUSED_VARIABLE = YES;
				IPHONEOS_DEPLOYMENT_TARGET = 18.4;
				LOCALIZATION_PREFERS_STRING_CATALOGS = YES;
				MTL_ENABLE_DEBUG_INFO = NO;
				MTL_FAST_MATH = YES;
				SDKROOT = iphoneos;
				SWIFT_COMPILATION_MODE = wholemodule;
				VALIDATE_PRODUCT = YES;
			};
			name = Release;
		};
		3F446A082DDE2D7800D300C7 /* Debug */ = {
			isa = XCBuildConfiguration;
			buildSettings = {
				ASSETCATALOG_COMPILER_APPICON_NAME = AppIcon;
				ASSETCATALOG_COMPILER_GLOBAL_ACCENT_COLOR_NAME = AccentColor;
				CODE_SIGN_STYLE = Automatic;
				CURRENT_PROJECT_VERSION = 1;
				ENABLE_PREVIEWS = YES;
				GENERATE_INFOPLIST_FILE = YES;
				INFOPLIST_KEY_UIApplicationSceneManifest_Generation = YES;
				INFOPLIST_KEY_UIApplicationSupportsIndirectInputEvents = YES;
				INFOPLIST_KEY_UILaunchScreen_Generation = YES;
				INFOPLIST_KEY_UISupportedInterfaceOrientations_iPad = "UIInterfaceOrientationPortrait UIInterfaceOrientationPortraitUpsideDown UIInterfaceOrientationLandscapeLeft UIInterfaceOrientationLandscapeRight";
				INFOPLIST_KEY_UISupportedInterfaceOrientations_iPhone = "UIInterfaceOrientationPortrait UIInterfaceOrientationLandscapeLeft UIInterfaceOrientationLandscapeRight";
				LD_RUNPATH_SEARCH_PATHS = (
					"$(inherited)",
					"@executable_path/Frameworks",
				);
				MARKETING_VERSION = 1.0;
				PRODUCT_BUNDLE_IDENTIFIER = dapt.Endeavor;
				PRODUCT_NAME = "$(TARGET_NAME)";
				SWIFT_EMIT_LOC_STRINGS = YES;
				SWIFT_VERSION = 5.0;
				TARGETED_DEVICE_FAMILY = "1,2";
			};
			name = Debug;
		};
		3F446A092DDE2D7800D300C7 /* Release */ = {
			isa = XCBuildConfiguration;
			buildSettings = {
				ASSETCATALOG_COMPILER_APPICON_NAME = AppIcon;
				ASSETCATALOG_COMPILER_GLOBAL_ACCENT_COLOR_NAME = AccentColor;
				CODE_SIGN_STYLE = Automatic;
				CURRENT_PROJECT_VERSION = 1;
				ENABLE_PREVIEWS = YES;
				GENERATE_INFOPLIST_FILE = YES;
				INFOPLIST_KEY_UIApplicationSceneManifest_Generation = YES;
				INFOPLIST_KEY_UIApplicationSupportsIndirectInputEvents = YES;
				INFOPLIST_KEY_UILaunchScreen_Generation = YES;
				INFOPLIST_KEY_UISupportedInterfaceOrientations_iPad = "UIInterfaceOrientationPortrait UIInterfaceOrientationPortraitUpsideDown UIInterfaceOrientationLandscapeLeft UIInterfaceOrientationLandscapeRight";
				INFOPLIST_KEY_UISupportedInterfaceOrientations_iPhone = "UIInterfaceOrientationPortrait UIInterfaceOrientationLandscapeLeft UIInterfaceOrientationLandscapeRight";
				LD_RUNPATH_SEARCH_PATHS = (
					"$(inherited)",
					"@executable_path/Frameworks",
				);
				MARKETING_VERSION = 1.0;
				PRODUCT_BUNDLE_IDENTIFIER = dapt.Endeavor;
				PRODUCT_NAME = "$(TARGET_NAME)";
				SWIFT_EMIT_LOC_STRINGS = YES;
				SWIFT_VERSION = 5.0;
				TARGETED_DEVICE_FAMILY = "1,2";
			};
			name = Release;
		};
		3F446A0B2DDE2D7800D300C7 /* Debug */ = {
			isa = XCBuildConfiguration;
			buildSettings = {
				BUNDLE_LOADER = "$(TEST_HOST)";
				CODE_SIGN_STYLE = Automatic;
				CURRENT_PROJECT_VERSION = 1;
				GENERATE_INFOPLIST_FILE = YES;
				IPHONEOS_DEPLOYMENT_TARGET = 18.4;
				MARKETING_VERSION = 1.0;
				PRODUCT_BUNDLE_IDENTIFIER = dapt.EndeavorTests;
				PRODUCT_NAME = "$(TARGET_NAME)";
				SWIFT_EMIT_LOC_STRINGS = NO;
				SWIFT_VERSION = 5.0;
				TARGETED_DEVICE_FAMILY = "1,2";
				TEST_HOST = "$(BUILT_PRODUCTS_DIR)/Endeavor.app/$(BUNDLE_EXECUTABLE_FOLDER_PATH)/Endeavor";
			};
			name = Debug;
		};
		3F446A0C2DDE2D7800D300C7 /* Release */ = {
			isa = XCBuildConfiguration;
			buildSettings = {
				BUNDLE_LOADER = "$(TEST_HOST)";
				CODE_SIGN_STYLE = Automatic;
				CURRENT_PROJECT_VERSION = 1;
				GENERATE_INFOPLIST_FILE = YES;
				IPHONEOS_DEPLOYMENT_TARGET = 18.4;
				MARKETING_VERSION = 1.0;
				PRODUCT_BUNDLE_IDENTIFIER = dapt.EndeavorTests;
				PRODUCT_NAME = "$(TARGET_NAME)";
				SWIFT_EMIT_LOC_STRINGS = NO;
				SWIFT_VERSION = 5.0;
				TARGETED_DEVICE_FAMILY = "1,2";
				TEST_HOST = "$(BUILT_PRODUCTS_DIR)/Endeavor.app/$(BUNDLE_EXECUTABLE_FOLDER_PATH)/Endeavor";
			};
			name = Release;
		};
		3F446A0E2DDE2D7800D300C7 /* Debug */ = {
			isa = XCBuildConfiguration;
			buildSettings = {
				CODE_SIGN_STYLE = Automatic;
				CURRENT_PROJECT_VERSION = 1;
				GENERATE_INFOPLIST_FILE = YES;
				MARKETING_VERSION = 1.0;
				PRODUCT_BUNDLE_IDENTIFIER = dapt.EndeavorUITests;
				PRODUCT_NAME = "$(TARGET_NAME)";
				SWIFT_EMIT_LOC_STRINGS = NO;
				SWIFT_VERSION = 5.0;
				TARGETED_DEVICE_FAMILY = "1,2";
				TEST_TARGET_NAME = Endeavor;
			};
			name = Debug;
		};
		3F446A0F2DDE2D7800D300C7 /* Release */ = {
			isa = XCBuildConfiguration;
			buildSettings = {
				CODE_SIGN_STYLE = Automatic;
				CURRENT_PROJECT_VERSION = 1;
				GENERATE_INFOPLIST_FILE = YES;
				MARKETING_VERSION = 1.0;
				PRODUCT_BUNDLE_IDENTIFIER = dapt.EndeavorUITests;
				PRODUCT_NAME = "$(TARGET_NAME)";
				SWIFT_EMIT_LOC_STRINGS = NO;
				SWIFT_VERSION = 5.0;
				TARGETED_DEVICE_FAMILY = "1,2";
				TEST_TARGET_NAME = Endeavor;
			};
			name = Release;
		};
/* End XCBuildConfiguration section */

/* Begin XCConfigurationList section */
		3F4469E12DDE2D7600D300C7 /* Build configuration list for PBXProject "Endeavor" */ = {
			isa = XCConfigurationList;
			buildConfigurations = (
				3F446A052DDE2D7800D300C7 /* Debug */,
				3F446A062DDE2D7800D300C7 /* Release */,
			);
			defaultConfigurationIsVisible = 0;
			defaultConfigurationName = Release;
		};
		3F446A072DDE2D7800D300C7 /* Build configuration list for PBXNativeTarget "Endeavor" */ = {
			isa = XCConfigurationList;
			buildConfigurations = (
				3F446A082DDE2D7800D300C7 /* Debug */,
				3F446A092DDE2D7800D300C7 /* Release */,
			);
			defaultConfigurationIsVisible = 0;
			defaultConfigurationName = Release;
		};
		3F446A0A2DDE2D7800D300C7 /* Build configuration list for PBXNativeTarget "EndeavorTests" */ = {
			isa = XCConfigurationList;
			buildConfigurations = (
				3F446A0B2DDE2D7800D300C7 /* Debug */,
				3F446A0C2DDE2D7800D300C7 /* Release */,
			);
			defaultConfigurationIsVisible = 0;
			defaultConfigurationName = Release;
		};
		3F446A0D2DDE2D7800D300C7 /* Build configuration list for PBXNativeTarget "EndeavorUITests" */ = {
			isa = XCConfigurationList;
			buildConfigurations = (
				3F446A0E2DDE2D7800D300C7 /* Debug */,
				3F446A0F2DDE2D7800D300C7 /* Release */,
			);
			defaultConfigurationIsVisible = 0;
			defaultConfigurationName = Release;
		};
/* End XCConfigurationList section */
	};
	rootObject = 3F4469DE2DDE2D7600D300C7 /* Project object */;
}
